
Microsoft Visual Studio Solution File, Format Version 12.00
Project("{FAE04EC0-301F-11D3-BF4B-00C04F79EFBC}") = "Exam_CS_11-Class", "Exam_CS_11-Class\Exam_CS_11-Class.csproj", "{E21098B5-EAFC-436F-92E2-AF433EE36A20}"
EndProject
Global
	GlobalSection(SolutionConfigurationPlatforms) = preSolution
		Debug|Any CPU = Debug|Any CPU
		Release|Any CPU = Release|Any CPU
	EndGlobalSection
	GlobalSection(ProjectConfigurationPlatforms) = postSolution
		{E21098B5-EAFC-436F-92E2-AF433EE36A20}.Debug|Any CPU.ActiveCfg = Debug|Any CPU
		{E21098B5-EAFC-436F-92E2-AF433EE36A20}.Debug|Any CPU.Build.0 = Debug|Any CPU
		{E21098B5-EAFC-436F-92E2-AF433EE36A20}.Release|Any CPU.ActiveCfg = Release|Any CPU
		{E21098B5-EAFC-436F-92E2-AF433EE36A20}.Release|Any CPU.Build.0 = Release|Any CPU
	EndGlobalSection
EndGlobal
